
Microsoft Visual Studio Solution File, Format Version 12.00
# Visual Studio Version 16
VisualStudioVersion = 16.0.30204.135
MinimumVisualStudioVersion = 10.0.40219.1
Project("{FAE04EC0-301F-11D3-BF4B-00C04F79EFBC}") = "SimpleCloudStorage", "SimpleCloudStorage.csproj", "{608464FE-2DED-4953-9CFF-17D692D18BE1}"
EndProject
Global
	GlobalSection(SolutionConfigurationPlatforms) = preSolution
		Debug|Any CPU = Debug|Any CPU
		Release|Any CPU = Release|Any CPU
	EndGlobalSection
	GlobalSection(ProjectConfigurationPlatforms) = postSolution
		{608464FE-2DED-4953-9CFF-17D692D18BE1}.Debug|Any CPU.ActiveCfg = Debug|Any CPU
		{608464FE-2DED-4953-9CFF-17D692D18BE1}.Debug|Any CPU.Build.0 = Debug|Any CPU
		{608464FE-2DED-4953-9CFF-17D692D18BE1}.Release|Any CPU.ActiveCfg = Release|Any CPU
		{608464FE-2DED-4953-9CFF-17D692D18BE1}.Release|Any CPU.Build.0 = Release|Any CPU
	EndGlobalSection
	GlobalSection(SolutionProperties) = preSolution
		HideSolutionNode = FALSE
	EndGlobalSection
	GlobalSection(ExtensibilityGlobals) = postSolution
		SolutionGuid = {17C1805D-4D0B-4DA4-8274-529938B308E9}
	EndGlobalSection
EndGlobal
